Microsoft Visual Studio Solution File, Format Version 11.00
# Visual Studio 2008

Project("{32E8D425-8DA0-FA37-982D-AF8BCBBAA5D3}") = "TileTry", "Assembly-CSharp.csproj", "{F24E9C97-D175-7A7A-5189-3925DD7E1768}"
EndProject
Global
	GlobalSection(SolutionConfigurationPlatforms) = preSolution
		Debug|Any CPU = Debug|Any CPU
		Release|Any CPU = Release|Any CPU
	EndGlobalSection
	GlobalSection(ProjectConfigurationPlatforms) = postSolution
		{F24E9C97-D175-7A7A-5189-3925DD7E1768}.Debug|Any CPU.ActiveCfg = Debug|Any CPU
		{F24E9C97-D175-7A7A-5189-3925DD7E1768}.Debug|Any CPU.Build.0 = Debug|Any CPU
		{F24E9C97-D175-7A7A-5189-3925DD7E1768}.Release|Any CPU.ActiveCfg = Release|Any CPU
		{F24E9C97-D175-7A7A-5189-3925DD7E1768}.Release|Any CPU.Build.0 = Release|Any CPU
	EndGlobalSection
	GlobalSection(SolutionProperties) = preSolution
		HideSolutionNode = FALSE
	EndGlobalSection
	GlobalSection(MonoDevelopProperties) = preSolution
		StartupItem = Assembly-CSharp.csproj
	EndGlobalSection
EndGlobal
